// !$*UTF8*$!
{
	archiveVersion = 1;
	classes = {
	};
	objectVersion = 46;
	objects = {

/* Begin PBXBuildFile section */
		780488951A641A4700FF99B6 /* WeightedKNN.cpp in Sources */ = {isa = PBXBuildFile; fileRef = 780488941A641A4700FF99B6 /* WeightedKNN.cpp */; };
		7850FA141A5C6A2D0045D4EF /* main.cpp in Sources */ = {isa = PBXBuildFile; fileRef = 7850FA131A5C6A2D0045D4EF /* main.cpp */; };
/* End PBXBuildFile section */

/* Begin PBXCopyFilesBuildPhase section */
		7850FA0E1A5C6A2D0045D4EF /* CopyFiles */ = {
			isa = PBXCopyFilesBuildPhase;
			buildActionMask = 2147483647;
			dstPath = /usr/share/man/man1/;
			dstSubfolderSpec = 0;
			files = (
			);
			runOnlyForDeploymentPostprocessing = 1;
		};
/* End PBXCopyFilesBuildPhase section */

/* Begin PBXFileReference section */
		780488941A641A4700FF99B6 /* WeightedKNN.cpp */ = {isa = PBXFileReference; fileEncoding = 4; lastKnownFileType = sourcecode.cpp.cpp; path = WeightedKNN.cpp; sourceTree = "<group>"; };
		780488961A641A9A00FF99B6 /* WeightedKNN.h */ = {isa = PBXFileReference; lastKnownFileType = sourcecode.c.h; path = WeightedKNN.h; sourceTree = "<group>"; };
		7850FA101A5C6A2D0045D4EF /* activemoleculesC++ */ = {isa = PBXFileReference; explicitFileType = "compiled.mach-o.executable"; includeInIndex = 0; path = "activemoleculesC++"; sourceTree = BUILT_PRODUCTS_DIR; };
		7850FA131A5C6A2D0045D4EF /* main.cpp */ = {isa = PBXFileReference; lastKnownFileType = sourcecode.cpp.cpp; path = main.cpp; sourceTree = "<group>"; };
		7850FA1A1A5C6A8C0045D4EF /* stdc++.h */ = {isa = PBXFileReference; lastKnownFileType = sourcecode.c.h; path = "stdc++.h"; sourceTree = "<group>"; };
		78C2111B1A5FD96300756600 /* Utils.h */ = {isa = PBXFileReference; lastKnownFileType = sourcecode.c.h; path = Utils.h; sourceTree = "<group>"; };
/* End PBXFileReference section */

/* Begin PBXFrameworksBuildPhase section */
		7850FA0D1A5C6A2D0045D4EF /* Frameworks */ = {
			isa = PBXFrameworksBuildPhase;
			buildActionMask = 2147483647;
			files = (
			);
			runOnlyForDeploymentPostprocessing = 0;
		};
/* End PBXFrameworksBuildPhase section */

/* Begin PBXGroup section */
		7850FA071A5C6A2D0045D4EF = {
			isa = PBXGroup;
			children = (
				7850FA121A5C6A2D0045D4EF /* activemoleculesC++ */,
				7850FA111A5C6A2D0045D4EF /* Products */,
			);
			sourceTree = "<group>";
		};
		7850FA111A5C6A2D0045D4EF /* Products */ = {
			isa = PBXGroup;
			children = (
				7850FA101A5C6A2D0045D4EF /* activemoleculesC++ */,
			);
			name = Products;
			sourceTree = "<group>";
		};
		7850FA121A5C6A2D0045D4EF /* activemoleculesC++ */ = {
			isa = PBXGroup;
			children = (
				78C2111B1A5FD96300756600 /* Utils.h */,
				7850FA131A5C6A2D0045D4EF /* main.cpp */,
				780488941A641A4700FF99B6 /* WeightedKNN.cpp */,
				780488961A641A9A00FF99B6 /* WeightedKNN.h */,
				7850FA1A1A5C6A8C0045D4EF /* stdc++.h */,
			);
			path = "activemoleculesC++";
			sourceTree = "<group>";
		};
/* End PBXGroup section */

/* Begin PBXNativeTarget section */
		7850FA0F1A5C6A2D0045D4EF /* activemoleculesC++ */ = {
			isa = PBXNativeTarget;
			buildConfigurationList = 7850FA171A5C6A2D0045D4EF /* Build configuration list for PBXNativeTarget "activemoleculesC++" */;
			buildPhases = (
				7850FA0C1A5C6A2D0045D4EF /* Sources */,
				7850FA0D1A5C6A2D0045D4EF /* Frameworks */,
				7850FA0E1A5C6A2D0045D4EF /* CopyFiles */,
			);
			buildRules = (
			);
			dependencies = (
			);
			name = "activemoleculesC++";
			productName = "activemoleculesC++";
			productReference = 7850FA101A5C6A2D0045D4EF /* activemoleculesC++ */;
			productType = "com.apple.product-type.tool";
		};
/* End PBXNativeTarget section */

/* Begin PBXProject section */
		7850FA081A5C6A2D0045D4EF /* Project object */ = {
			isa = PBXProject;
			attributes = {
				LastUpgradeCheck = 0610;
				ORGANIZATIONNAME = yaric;
				TargetAttributes = {
					7850FA0F1A5C6A2D0045D4EF = {
						CreatedOnToolsVersion = 6.1.1;
					};
				};
			};
			buildConfigurationList = 7850FA0B1A5C6A2D0045D4EF /* Build configuration list for PBXProject "activemoleculesC++" */;
			compatibilityVersion = "Xcode 3.2";
			developmentRegion = English;
			hasScannedForEncodings = 0;
			knownRegions = (
				en,
			);
			mainGroup = 7850FA071A5C6A2D0045D4EF;
			productRefGroup = 7850FA111A5C6A2D0045D4EF /* Products */;
			projectDirPath = "";
			projectRoot = "";
			targets = (
				7850FA0F1A5C6A2D0045D4EF /* activemoleculesC++ */,
			);
		};
/* End PBXProject section */

/* Begin PBXSourcesBuildPhase section */
		7850FA0C1A5C6A2D0045D4EF /* Sources */ = {
			isa = PBXSourcesBuildPhase;
			buildActionMask = 2147483647;
			files = (
				780488951A641A4700FF99B6 /* WeightedKNN.cpp in Sources */,
				7850FA141A5C6A2D0045D4EF /* main.cpp in Sources */,
			);
			runOnlyForDeploymentPostprocessing = 0;
		};
/* End PBXSourcesBuildPhase section */

/* Begin XCBuildConfiguration section */
		7850FA151A5C6A2D0045D4EF /* Debug */ = {
			isa = XCBuildConfiguration;
			buildSettings = {
				ALWAYS_SEARCH_USER_PATHS = NO;
				ARCHS = "$(ARCHS_STANDARD)";
				CLANG_CXX_LANGUAGE_STANDARD = "gnu++0x";
				CLANG_CXX_LIBRARY = "libc++";
				CLANG_ENABLE_MODULES = YES;
				CLANG_ENABLE_OBJC_ARC = YES;
				CLANG_WARN_BOOL_CONVERSION = YES;
				CLANG_WARN_CONSTANT_CONVERSION = YES;
				CLANG_WARN_DIRECT_OBJC_ISA_USAGE = YES_ERROR;
				CLANG_WARN_EMPTY_BODY = YES;
				CLANG_WARN_ENUM_CONVERSION = YES;
				CLANG_WARN_INT_CONVERSION = YES;
				CLANG_WARN_OBJC_ROOT_CLASS = YES_ERROR;
				CLANG_WARN_UNREACHABLE_CODE = YES;
				CLANG_WARN__DUPLICATE_METHOD_MATCH = YES;
				COPY_PHASE_STRIP = NO;
				ENABLE_STRICT_OBJC_MSGSEND = YES;
				GCC_C_LANGUAGE_STANDARD = gnu99;
				GCC_DYNAMIC_NO_PIC = NO;
				GCC_OPTIMIZATION_LEVEL = 0;
				GCC_PREPROCESSOR_DEFINITIONS = (
					"DEBUG=1",
					"$(inherited)",
				);
				GCC_SYMBOLS_PRIVATE_EXTERN = NO;
				GCC_WARN_64_TO_32_BIT_CONVERSION = YES;
				GCC_WARN_ABOUT_RETURN_TYPE = YES_ERROR;
				GCC_WARN_UNDECLARED_SELECTOR = YES;
				GCC_WARN_UNINITIALIZED_AUTOS = YES_AGGRESSIVE;
				GCC_WARN_UNUSED_FUNCTION = YES;
				GCC_WARN_UNUSED_VARIABLE = YES;
				MACOSX_DEPLOYMENT_TARGET = 10.10;
				MTL_ENABLE_DEBUG_INFO = YES;
				ONLY_ACTIVE_ARCH = YES;
				SDKROOT = macosx;
				SYMROOT = build;
			};
			name = Debug;
		};
		7850FA161A5C6A2D0045D4EF /* Release */ = {
			isa = XCBuildConfiguration;
			buildSettings = {
				ALWAYS_SEARCH_USER_PATHS = NO;
				ARCHS = "$(ARCHS_STANDARD)";
				CLANG_CXX_LANGUAGE_STANDARD = "gnu++0x";
				CLANG_CXX_LIBRARY = "libc++";
				CLANG_ENABLE_MODULES = YES;
				CLANG_ENABLE_OBJC_ARC = YES;
				CLANG_WARN_BOOL_CONVERSION = YES;
				CLANG_WARN_CONSTANT_CONVERSION = YES;
				CLANG_WARN_DIRECT_OBJC_ISA_USAGE = YES_ERROR;
				CLANG_WARN_EMPTY_BODY = YES;
				CLANG_WARN_ENUM_CONVERSION = YES;
				CLANG_WARN_INT_CONVERSION = YES;
				CLANG_WARN_OBJC_ROOT_CLASS = YES_ERROR;
				CLANG_WARN_UNREACHABLE_CODE = YES;
				CLANG_WARN__DUPLICATE_METHOD_MATCH = YES;
				COPY_PHASE_STRIP = YES;
				DEBUG_INFORMATION_FORMAT = "dwarf-with-dsym";
				ENABLE_NS_ASSERTIONS = NO;
				ENABLE_STRICT_OBJC_MSGSEND = YES;
				GCC_C_LANGUAGE_STANDARD = gnu99;
				GCC_WARN_64_TO_32_BIT_CONVERSION = YES;
				GCC_WARN_ABOUT_RETURN_TYPE = YES_ERROR;
				GCC_WARN_UNDECLARED_SELECTOR = YES;
				GCC_WARN_UNINITIALIZED_AUTOS = YES_AGGRESSIVE;
				GCC_WARN_UNUSED_FUNCTION = YES;
				GCC_WARN_UNUSED_VARIABLE = YES;
				MACOSX_DEPLOYMENT_TARGET = 10.10;
				MTL_ENABLE_DEBUG_INFO = NO;
				SDKROOT = macosx;
				SYMROOT = build;
			};
			name = Release;
		};
		7850FA181A5C6A2D0045D4EF /* Debug */ = {
			isa = XCBuildConfiguration;
			buildSettings = {
				ARCHS = "$(ARCHS_STANDARD_32_BIT)";
				INSTALL_PATH = "$(SRCROOT)/tester";
				PRODUCT_NAME = "$(TARGET_NAME)";
				SYMROOT = build;
			};
			name = Debug;
		};
		7850FA191A5C6A2D0045D4EF /* Release */ = {
			isa = XCBuildConfiguration;
			buildSettings = {
				ARCHS = "$(ARCHS_STANDARD_32_BIT)";
				INSTALL_PATH = "$(SRCROOT)/tester";
				PRODUCT_NAME = "$(TARGET_NAME)";
				SYMROOT = build;
			};
			name = Release;
		};
/* End XCBuildConfiguration section */

/* Begin XCConfigurationList section */
		7850FA0B1A5C6A2D0045D4EF /* Build configuration list for PBXProject "activemoleculesC++" */ = {
			isa = XCConfigurationList;
			buildConfigurations = (
				7850FA151A5C6A2D0045D4EF /* Debug */,
				7850FA161A5C6A2D0045D4EF /* Release */,
			);
			defaultConfigurationIsVisible = 0;
			defaultConfigurationName = Release;
		};
		7850FA171A5C6A2D0045D4EF /* Build configuration list for PBXNativeTarget "activemoleculesC++" */ = {
			isa = XCConfigurationList;
			buildConfigurations = (
				7850FA181A5C6A2D0045D4EF /* Debug */,
				7850FA191A5C6A2D0045D4EF /* Release */,
			);
			defaultConfigurationIsVisible = 0;
			defaultConfigurationName = Release;
		};
/* End XCConfigurationList section */
	};
	rootObject = 7850FA081A5C6A2D0045D4EF /* Project object */;
}
