// !$*UTF8*$!
{
	archiveVersion = 1;
	classes = {
	};
	objectVersion = 46;
	objects = {

/* Begin PBXBuildFile section */
		780488951A641A4700FF99B6 /* WeightedKNN.cpp in Sources */ = {isa = PBXBuildFile; fileRef = 780488941A641A4700FF99B6 /* WeightedKNN.cpp */; };
		7850FA141A5C6A2D0045D4EF /* ActiveMolecules.cpp in Sources */ = {isa = PBXBuildFile; fileRef = 7850FA131A5C6A2D0045D4EF /* ActiveMolecules.cpp */; };
		78D03D561A69572800C39D90 /* TestRunner.cpp in Sources */ = {isa = PBXBuildFile; fileRef = 78D03D521A6955D100C39D90 /* TestRunner.cpp */; };
		78D03D571A69572800C39D90 /* gbm.cpp in Sources */ = {isa = PBXBuildFile; fileRef = 78D138201A66C1BF00278E67 /* gbm.cpp */; };
		78D03D581A69572800C39D90 /* WeightedKNN.cpp in Sources */ = {isa = PBXBuildFile; fileRef = 780488941A641A4700FF99B6 /* WeightedKNN.cpp */; };
		78D03D591A69572800C39D90 /* xgboost_main.cpp in Sources */ = {isa = PBXBuildFile; fileRef = 78D138421A66C1BF00278E67 /* xgboost_main.cpp */; };
		78D03D5A1A69572800C39D90 /* ActiveMolecules.cpp in Sources */ = {isa = PBXBuildFile; fileRef = 7850FA131A5C6A2D0045D4EF /* ActiveMolecules.cpp */; };
		78D03D5B1A69572800C39D90 /* io.cpp in Sources */ = {isa = PBXBuildFile; fileRef = 78D138241A66C1BF00278E67 /* io.cpp */; };
		78D03D5C1A69572800C39D90 /* updater.cpp in Sources */ = {isa = PBXBuildFile; fileRef = 78D138341A66C1BF00278E67 /* updater.cpp */; };
		78D138431A66C1BF00278E67 /* gbm.cpp in Sources */ = {isa = PBXBuildFile; fileRef = 78D138201A66C1BF00278E67 /* gbm.cpp */; };
		78D138441A66C1BF00278E67 /* io.cpp in Sources */ = {isa = PBXBuildFile; fileRef = 78D138241A66C1BF00278E67 /* io.cpp */; };
		78D138461A66C1BF00278E67 /* updater.cpp in Sources */ = {isa = PBXBuildFile; fileRef = 78D138341A66C1BF00278E67 /* updater.cpp */; };
		78D138471A66C1BF00278E67 /* xgboost_main.cpp in Sources */ = {isa = PBXBuildFile; fileRef = 78D138421A66C1BF00278E67 /* xgboost_main.cpp */; };
/* End PBXBuildFile section */

/* Begin PBXCopyFilesBuildPhase section */
		7850FA0E1A5C6A2D0045D4EF /* CopyFiles */ = {
			isa = PBXCopyFilesBuildPhase;
			buildActionMask = 2147483647;
			dstPath = /usr/share/man/man1/;
			dstSubfolderSpec = 0;
			files = (
			);
			runOnlyForDeploymentPostprocessing = 1;
		};
		78D03D5E1A69572800C39D90 /* CopyFiles */ = {
			isa = PBXCopyFilesBuildPhase;
			buildActionMask = 2147483647;
			dstPath = /usr/share/man/man1/;
			dstSubfolderSpec = 0;
			files = (
			);
			runOnlyForDeploymentPostprocessing = 1;
		};
/* End PBXCopyFilesBuildPhase section */

/* Begin PBXFileReference section */
		780488941A641A4700FF99B6 /* WeightedKNN.cpp */ = {isa = PBXFileReference; fileEncoding = 4; lastKnownFileType = sourcecode.cpp.cpp; path = WeightedKNN.cpp; sourceTree = "<group>"; };
		780488961A641A9A00FF99B6 /* WeightedKNN.h */ = {isa = PBXFileReference; lastKnownFileType = sourcecode.c.h; path = WeightedKNN.h; sourceTree = "<group>"; };
		7850FA101A5C6A2D0045D4EF /* activemoleculesC++ */ = {isa = PBXFileReference; explicitFileType = "compiled.mach-o.executable"; includeInIndex = 0; path = "activemoleculesC++"; sourceTree = BUILT_PRODUCTS_DIR; };
		7850FA131A5C6A2D0045D4EF /* ActiveMolecules.cpp */ = {isa = PBXFileReference; lastKnownFileType = sourcecode.cpp.cpp; path = ActiveMolecules.cpp; sourceTree = "<group>"; };
		7850FA1A1A5C6A8C0045D4EF /* stdc++.h */ = {isa = PBXFileReference; lastKnownFileType = sourcecode.c.h; path = "stdc++.h"; sourceTree = "<group>"; };
		78C2111B1A5FD96300756600 /* Utils.h */ = {isa = PBXFileReference; lastKnownFileType = sourcecode.c.h; path = Utils.h; sourceTree = "<group>"; };
		78D03D521A6955D100C39D90 /* TestRunner.cpp */ = {isa = PBXFileReference; fileEncoding = 4; lastKnownFileType = sourcecode.cpp.cpp; path = TestRunner.cpp; sourceTree = "<group>"; };
		78D03D621A69572800C39D90 /* activemoleculesC++ copy */ = {isa = PBXFileReference; explicitFileType = "compiled.mach-o.executable"; includeInIndex = 0; path = "activemoleculesC++ copy"; sourceTree = BUILT_PRODUCTS_DIR; };
		78D03D631A696FC300C39D90 /* ActiveMolecules.h */ = {isa = PBXFileReference; fileEncoding = 4; lastKnownFileType = sourcecode.c.h; path = ActiveMolecules.h; sourceTree = "<group>"; };
		78D1381D1A66C1BF00278E67 /* data.h */ = {isa = PBXFileReference; fileEncoding = 4; lastKnownFileType = sourcecode.c.h; path = data.h; sourceTree = "<group>"; };
		78D1381F1A66C1BF00278E67 /* gblinear-inl.hpp */ = {isa = PBXFileReference; fileEncoding = 4; lastKnownFileType = sourcecode.cpp.h; path = "gblinear-inl.hpp"; sourceTree = "<group>"; };
		78D138201A66C1BF00278E67 /* gbm.cpp */ = {isa = PBXFileReference; fileEncoding = 4; lastKnownFileType = sourcecode.cpp.cpp; path = gbm.cpp; sourceTree = "<group>"; };
		78D138211A66C1BF00278E67 /* gbm.h */ = {isa = PBXFileReference; fileEncoding = 4; lastKnownFileType = sourcecode.c.h; path = gbm.h; sourceTree = "<group>"; };
		78D138221A66C1BF00278E67 /* gbtree-inl.hpp */ = {isa = PBXFileReference; fileEncoding = 4; lastKnownFileType = sourcecode.cpp.h; path = "gbtree-inl.hpp"; sourceTree = "<group>"; };
		78D138241A66C1BF00278E67 /* io.cpp */ = {isa = PBXFileReference; fileEncoding = 4; lastKnownFileType = sourcecode.cpp.cpp; path = io.cpp; sourceTree = "<group>"; };
		78D138251A66C1BF00278E67 /* io.h */ = {isa = PBXFileReference; fileEncoding = 4; lastKnownFileType = sourcecode.c.h; path = io.h; sourceTree = "<group>"; };
		78D138261A66C1BF00278E67 /* simple_dmatrix-inl.hpp */ = {isa = PBXFileReference; fileEncoding = 4; lastKnownFileType = sourcecode.cpp.h; path = "simple_dmatrix-inl.hpp"; sourceTree = "<group>"; };
		78D138271A66C1BF00278E67 /* simple_fmatrix-inl.hpp */ = {isa = PBXFileReference; fileEncoding = 4; lastKnownFileType = sourcecode.cpp.h; path = "simple_fmatrix-inl.hpp"; sourceTree = "<group>"; };
		78D138291A66C1BF00278E67 /* dmatrix.h */ = {isa = PBXFileReference; fileEncoding = 4; lastKnownFileType = sourcecode.c.h; path = dmatrix.h; sourceTree = "<group>"; };
		78D1382A1A66C1BF00278E67 /* evaluation-inl.hpp */ = {isa = PBXFileReference; fileEncoding = 4; lastKnownFileType = sourcecode.cpp.h; path = "evaluation-inl.hpp"; sourceTree = "<group>"; };
		78D1382B1A66C1BF00278E67 /* evaluation.h */ = {isa = PBXFileReference; fileEncoding = 4; lastKnownFileType = sourcecode.c.h; path = evaluation.h; sourceTree = "<group>"; };
		78D1382C1A66C1BF00278E67 /* helper_utils.h */ = {isa = PBXFileReference; fileEncoding = 4; lastKnownFileType = sourcecode.c.h; path = helper_utils.h; sourceTree = "<group>"; };
		78D1382D1A66C1BF00278E67 /* learner-inl.hpp */ = {isa = PBXFileReference; fileEncoding = 4; lastKnownFileType = sourcecode.cpp.h; path = "learner-inl.hpp"; sourceTree = "<group>"; };
		78D1382E1A66C1BF00278E67 /* objective-inl.hpp */ = {isa = PBXFileReference; fileEncoding = 4; lastKnownFileType = sourcecode.cpp.h; path = "objective-inl.hpp"; sourceTree = "<group>"; };
		78D1382F1A66C1BF00278E67 /* objective.h */ = {isa = PBXFileReference; fileEncoding = 4; lastKnownFileType = sourcecode.c.h; path = objective.h; sourceTree = "<group>"; };
		78D138321A66C1BF00278E67 /* model.h */ = {isa = PBXFileReference; fileEncoding = 4; lastKnownFileType = sourcecode.c.h; path = model.h; sourceTree = "<group>"; };
		78D138331A66C1BF00278E67 /* param.h */ = {isa = PBXFileReference; fileEncoding = 4; lastKnownFileType = sourcecode.c.h; path = param.h; sourceTree = "<group>"; };
		78D138341A66C1BF00278E67 /* updater.cpp */ = {isa = PBXFileReference; fileEncoding = 4; lastKnownFileType = sourcecode.cpp.cpp; path = updater.cpp; sourceTree = "<group>"; };
		78D138351A66C1BF00278E67 /* updater.h */ = {isa = PBXFileReference; fileEncoding = 4; lastKnownFileType = sourcecode.c.h; path = updater.h; sourceTree = "<group>"; };
		78D138361A66C1BF00278E67 /* updater_colmaker-inl.hpp */ = {isa = PBXFileReference; fileEncoding = 4; lastKnownFileType = sourcecode.cpp.h; path = "updater_colmaker-inl.hpp"; sourceTree = "<group>"; };
		78D138371A66C1BF00278E67 /* updater_prune-inl.hpp */ = {isa = PBXFileReference; fileEncoding = 4; lastKnownFileType = sourcecode.cpp.h; path = "updater_prune-inl.hpp"; sourceTree = "<group>"; };
		78D138381A66C1BF00278E67 /* updater_refresh-inl.hpp */ = {isa = PBXFileReference; fileEncoding = 4; lastKnownFileType = sourcecode.cpp.h; path = "updater_refresh-inl.hpp"; sourceTree = "<group>"; };
		78D1383A1A66C1BF00278E67 /* config.h */ = {isa = PBXFileReference; fileEncoding = 4; lastKnownFileType = sourcecode.c.h; path = config.h; sourceTree = "<group>"; };
		78D1383B1A66C1BF00278E67 /* fmap.h */ = {isa = PBXFileReference; fileEncoding = 4; lastKnownFileType = sourcecode.c.h; path = fmap.h; sourceTree = "<group>"; };
		78D1383C1A66C1BF00278E67 /* io.h */ = {isa = PBXFileReference; fileEncoding = 4; lastKnownFileType = sourcecode.c.h; path = io.h; sourceTree = "<group>"; };
		78D1383D1A66C1BF00278E67 /* iterator.h */ = {isa = PBXFileReference; fileEncoding = 4; lastKnownFileType = sourcecode.c.h; path = iterator.h; sourceTree = "<group>"; };
		78D1383E1A66C1BF00278E67 /* matrix_csr.h */ = {isa = PBXFileReference; fileEncoding = 4; lastKnownFileType = sourcecode.c.h; path = matrix_csr.h; sourceTree = "<group>"; };
		78D1383F1A66C1BF00278E67 /* omp.h */ = {isa = PBXFileReference; fileEncoding = 4; lastKnownFileType = sourcecode.c.h; path = omp.h; sourceTree = "<group>"; };
		78D138401A66C1BF00278E67 /* random.h */ = {isa = PBXFileReference; fileEncoding = 4; lastKnownFileType = sourcecode.c.h; path = random.h; sourceTree = "<group>"; };
		78D138411A66C1BF00278E67 /* utils.h */ = {isa = PBXFileReference; fileEncoding = 4; lastKnownFileType = sourcecode.c.h; path = utils.h; sourceTree = "<group>"; };
		78D138421A66C1BF00278E67 /* xgboost_main.cpp */ = {isa = PBXFileReference; fileEncoding = 4; lastKnownFileType = sourcecode.cpp.cpp; path = xgboost_main.cpp; sourceTree = "<group>"; };
/* End PBXFileReference section */

/* Begin PBXFrameworksBuildPhase section */
		7850FA0D1A5C6A2D0045D4EF /* Frameworks */ = {
			isa = PBXFrameworksBuildPhase;
			buildActionMask = 2147483647;
			files = (
			);
			runOnlyForDeploymentPostprocessing = 0;
		};
		78D03D5D1A69572800C39D90 /* Frameworks */ = {
			isa = PBXFrameworksBuildPhase;
			buildActionMask = 2147483647;
			files = (
			);
			runOnlyForDeploymentPostprocessing = 0;
		};
/* End PBXFrameworksBuildPhase section */

/* Begin PBXGroup section */
		7850FA071A5C6A2D0045D4EF = {
			isa = PBXGroup;
			children = (
				7850FA121A5C6A2D0045D4EF /* activemoleculesC++ */,
				7850FA111A5C6A2D0045D4EF /* Products */,
			);
			sourceTree = "<group>";
		};
		7850FA111A5C6A2D0045D4EF /* Products */ = {
			isa = PBXGroup;
			children = (
				7850FA101A5C6A2D0045D4EF /* activemoleculesC++ */,
				78D03D621A69572800C39D90 /* activemoleculesC++ copy */,
			);
			name = Products;
			sourceTree = "<group>";
		};
		7850FA121A5C6A2D0045D4EF /* activemoleculesC++ */ = {
			isa = PBXGroup;
			children = (
				78D1381C1A66C1BF00278E67 /* xgboost */,
				78C2111B1A5FD96300756600 /* Utils.h */,
				7850FA131A5C6A2D0045D4EF /* ActiveMolecules.cpp */,
				78D03D631A696FC300C39D90 /* ActiveMolecules.h */,
				78D03D521A6955D100C39D90 /* TestRunner.cpp */,
				780488941A641A4700FF99B6 /* WeightedKNN.cpp */,
				780488961A641A9A00FF99B6 /* WeightedKNN.h */,
				7850FA1A1A5C6A8C0045D4EF /* stdc++.h */,
			);
			path = "activemoleculesC++";
			sourceTree = "<group>";
		};
		78D1381C1A66C1BF00278E67 /* xgboost */ = {
			isa = PBXGroup;
			children = (
				78D1381D1A66C1BF00278E67 /* data.h */,
				78D1381E1A66C1BF00278E67 /* gbm */,
				78D138231A66C1BF00278E67 /* io */,
				78D138281A66C1BF00278E67 /* learner */,
				78D138311A66C1BF00278E67 /* tree */,
				78D138391A66C1BF00278E67 /* utils */,
				78D138421A66C1BF00278E67 /* xgboost_main.cpp */,
			);
			path = xgboost;
			sourceTree = "<group>";
		};
		78D1381E1A66C1BF00278E67 /* gbm */ = {
			isa = PBXGroup;
			children = (
				78D1381F1A66C1BF00278E67 /* gblinear-inl.hpp */,
				78D138201A66C1BF00278E67 /* gbm.cpp */,
				78D138211A66C1BF00278E67 /* gbm.h */,
				78D138221A66C1BF00278E67 /* gbtree-inl.hpp */,
			);
			path = gbm;
			sourceTree = "<group>";
		};
		78D138231A66C1BF00278E67 /* io */ = {
			isa = PBXGroup;
			children = (
				78D138241A66C1BF00278E67 /* io.cpp */,
				78D138251A66C1BF00278E67 /* io.h */,
				78D138261A66C1BF00278E67 /* simple_dmatrix-inl.hpp */,
				78D138271A66C1BF00278E67 /* simple_fmatrix-inl.hpp */,
			);
			path = io;
			sourceTree = "<group>";
		};
		78D138281A66C1BF00278E67 /* learner */ = {
			isa = PBXGroup;
			children = (
				78D138291A66C1BF00278E67 /* dmatrix.h */,
				78D1382A1A66C1BF00278E67 /* evaluation-inl.hpp */,
				78D1382B1A66C1BF00278E67 /* evaluation.h */,
				78D1382C1A66C1BF00278E67 /* helper_utils.h */,
				78D1382D1A66C1BF00278E67 /* learner-inl.hpp */,
				78D1382E1A66C1BF00278E67 /* objective-inl.hpp */,
				78D1382F1A66C1BF00278E67 /* objective.h */,
			);
			path = learner;
			sourceTree = "<group>";
		};
		78D138311A66C1BF00278E67 /* tree */ = {
			isa = PBXGroup;
			children = (
				78D138321A66C1BF00278E67 /* model.h */,
				78D138331A66C1BF00278E67 /* param.h */,
				78D138341A66C1BF00278E67 /* updater.cpp */,
				78D138351A66C1BF00278E67 /* updater.h */,
				78D138361A66C1BF00278E67 /* updater_colmaker-inl.hpp */,
				78D138371A66C1BF00278E67 /* updater_prune-inl.hpp */,
				78D138381A66C1BF00278E67 /* updater_refresh-inl.hpp */,
			);
			path = tree;
			sourceTree = "<group>";
		};
		78D138391A66C1BF00278E67 /* utils */ = {
			isa = PBXGroup;
			children = (
				78D1383A1A66C1BF00278E67 /* config.h */,
				78D1383B1A66C1BF00278E67 /* fmap.h */,
				78D1383C1A66C1BF00278E67 /* io.h */,
				78D1383D1A66C1BF00278E67 /* iterator.h */,
				78D1383E1A66C1BF00278E67 /* matrix_csr.h */,
				78D1383F1A66C1BF00278E67 /* omp.h */,
				78D138401A66C1BF00278E67 /* random.h */,
				78D138411A66C1BF00278E67 /* utils.h */,
			);
			path = utils;
			sourceTree = "<group>";
		};
/* End PBXGroup section */

/* Begin PBXNativeTarget section */
		7850FA0F1A5C6A2D0045D4EF /* activemoleculesC++ */ = {
			isa = PBXNativeTarget;
			buildConfigurationList = 7850FA171A5C6A2D0045D4EF /* Build configuration list for PBXNativeTarget "activemoleculesC++" */;
			buildPhases = (
				7850FA0C1A5C6A2D0045D4EF /* Sources */,
				7850FA0D1A5C6A2D0045D4EF /* Frameworks */,
				7850FA0E1A5C6A2D0045D4EF /* CopyFiles */,
			);
			buildRules = (
			);
			dependencies = (
			);
			name = "activemoleculesC++";
			productName = "activemoleculesC++";
			productReference = 7850FA101A5C6A2D0045D4EF /* activemoleculesC++ */;
			productType = "com.apple.product-type.tool";
		};
		78D03D541A69572800C39D90 /* activemoleculesC runner */ = {
			isa = PBXNativeTarget;
			buildConfigurationList = 78D03D5F1A69572800C39D90 /* Build configuration list for PBXNativeTarget "activemoleculesC runner" */;
			buildPhases = (
				78D03D551A69572800C39D90 /* Sources */,
				78D03D5D1A69572800C39D90 /* Frameworks */,
				78D03D5E1A69572800C39D90 /* CopyFiles */,
			);
			buildRules = (
			);
			dependencies = (
			);
			name = "activemoleculesC runner";
			productName = "activemoleculesC++";
			productReference = 78D03D621A69572800C39D90 /* activemoleculesC++ copy */;
			productType = "com.apple.product-type.tool";
		};
/* End PBXNativeTarget section */

/* Begin PBXProject section */
		7850FA081A5C6A2D0045D4EF /* Project object */ = {
			isa = PBXProject;
			attributes = {
				LastUpgradeCheck = 0610;
				ORGANIZATIONNAME = yaric;
				TargetAttributes = {
					7850FA0F1A5C6A2D0045D4EF = {
						CreatedOnToolsVersion = 6.1.1;
					};
				};
			};
			buildConfigurationList = 7850FA0B1A5C6A2D0045D4EF /* Build configuration list for PBXProject "activemoleculesC++" */;
			compatibilityVersion = "Xcode 3.2";
			developmentRegion = English;
			hasScannedForEncodings = 0;
			knownRegions = (
				en,
			);
			mainGroup = 7850FA071A5C6A2D0045D4EF;
			productRefGroup = 7850FA111A5C6A2D0045D4EF /* Products */;
			projectDirPath = "";
			projectRoot = "";
			targets = (
				7850FA0F1A5C6A2D0045D4EF /* activemoleculesC++ */,
				78D03D541A69572800C39D90 /* activemoleculesC runner */,
			);
		};
/* End PBXProject section */

/* Begin PBXSourcesBuildPhase section */
		7850FA0C1A5C6A2D0045D4EF /* Sources */ = {
			isa = PBXSourcesBuildPhase;
			buildActionMask = 2147483647;
			files = (
				78D138431A66C1BF00278E67 /* gbm.cpp in Sources */,
				780488951A641A4700FF99B6 /* WeightedKNN.cpp in Sources */,
				78D138471A66C1BF00278E67 /* xgboost_main.cpp in Sources */,
				7850FA141A5C6A2D0045D4EF /* ActiveMolecules.cpp in Sources */,
				78D138441A66C1BF00278E67 /* io.cpp in Sources */,
				78D138461A66C1BF00278E67 /* updater.cpp in Sources */,
			);
			runOnlyForDeploymentPostprocessing = 0;
		};
		78D03D551A69572800C39D90 /* Sources */ = {
			isa = PBXSourcesBuildPhase;
			buildActionMask = 2147483647;
			files = (
				78D03D561A69572800C39D90 /* TestRunner.cpp in Sources */,
				78D03D571A69572800C39D90 /* gbm.cpp in Sources */,
				78D03D581A69572800C39D90 /* WeightedKNN.cpp in Sources */,
				78D03D591A69572800C39D90 /* xgboost_main.cpp in Sources */,
				78D03D5A1A69572800C39D90 /* ActiveMolecules.cpp in Sources */,
				78D03D5B1A69572800C39D90 /* io.cpp in Sources */,
				78D03D5C1A69572800C39D90 /* updater.cpp in Sources */,
			);
			runOnlyForDeploymentPostprocessing = 0;
		};
/* End PBXSourcesBuildPhase section */

/* Begin XCBuildConfiguration section */
		7850FA151A5C6A2D0045D4EF /* Debug */ = {
			isa = XCBuildConfiguration;
			buildSettings = {
				ALWAYS_SEARCH_USER_PATHS = NO;
				ARCHS = "$(ARCHS_STANDARD)";
				CLANG_CXX_LANGUAGE_STANDARD = "gnu++0x";
				CLANG_CXX_LIBRARY = "libc++";
				CLANG_ENABLE_MODULES = YES;
				CLANG_ENABLE_OBJC_ARC = YES;
				CLANG_WARN_BOOL_CONVERSION = YES;
				CLANG_WARN_CONSTANT_CONVERSION = YES;
				CLANG_WARN_DIRECT_OBJC_ISA_USAGE = YES_ERROR;
				CLANG_WARN_EMPTY_BODY = YES;
				CLANG_WARN_ENUM_CONVERSION = YES;
				CLANG_WARN_INT_CONVERSION = YES;
				CLANG_WARN_OBJC_ROOT_CLASS = YES_ERROR;
				CLANG_WARN_UNREACHABLE_CODE = YES;
				CLANG_WARN__DUPLICATE_METHOD_MATCH = YES;
				COPY_PHASE_STRIP = NO;
				ENABLE_STRICT_OBJC_MSGSEND = YES;
				GCC_C_LANGUAGE_STANDARD = gnu99;
				GCC_DYNAMIC_NO_PIC = NO;
				GCC_OPTIMIZATION_LEVEL = 0;
				GCC_PREPROCESSOR_DEFINITIONS = (
					"DEBUG=1",
					"$(inherited)",
				);
				GCC_SYMBOLS_PRIVATE_EXTERN = NO;
				GCC_WARN_64_TO_32_BIT_CONVERSION = YES;
				GCC_WARN_ABOUT_RETURN_TYPE = YES_ERROR;
				GCC_WARN_UNDECLARED_SELECTOR = YES;
				GCC_WARN_UNINITIALIZED_AUTOS = YES_AGGRESSIVE;
				GCC_WARN_UNUSED_FUNCTION = YES;
				GCC_WARN_UNUSED_VARIABLE = YES;
				MACOSX_DEPLOYMENT_TARGET = 10.10;
				MTL_ENABLE_DEBUG_INFO = YES;
				ONLY_ACTIVE_ARCH = YES;
				SDKROOT = macosx;
				SYMROOT = build;
			};
			name = Debug;
		};
		7850FA161A5C6A2D0045D4EF /* Release */ = {
			isa = XCBuildConfiguration;
			buildSettings = {
				ALWAYS_SEARCH_USER_PATHS = NO;
				ARCHS = "$(ARCHS_STANDARD)";
				CLANG_CXX_LANGUAGE_STANDARD = "gnu++0x";
				CLANG_CXX_LIBRARY = "libc++";
				CLANG_ENABLE_MODULES = YES;
				CLANG_ENABLE_OBJC_ARC = YES;
				CLANG_WARN_BOOL_CONVERSION = YES;
				CLANG_WARN_CONSTANT_CONVERSION = YES;
				CLANG_WARN_DIRECT_OBJC_ISA_USAGE = YES_ERROR;
				CLANG_WARN_EMPTY_BODY = YES;
				CLANG_WARN_ENUM_CONVERSION = YES;
				CLANG_WARN_INT_CONVERSION = YES;
				CLANG_WARN_OBJC_ROOT_CLASS = YES_ERROR;
				CLANG_WARN_UNREACHABLE_CODE = YES;
				CLANG_WARN__DUPLICATE_METHOD_MATCH = YES;
				COPY_PHASE_STRIP = YES;
				DEBUG_INFORMATION_FORMAT = "dwarf-with-dsym";
				ENABLE_NS_ASSERTIONS = NO;
				ENABLE_STRICT_OBJC_MSGSEND = YES;
				GCC_C_LANGUAGE_STANDARD = gnu99;
				GCC_WARN_64_TO_32_BIT_CONVERSION = YES;
				GCC_WARN_ABOUT_RETURN_TYPE = YES_ERROR;
				GCC_WARN_UNDECLARED_SELECTOR = YES;
				GCC_WARN_UNINITIALIZED_AUTOS = YES_AGGRESSIVE;
				GCC_WARN_UNUSED_FUNCTION = YES;
				GCC_WARN_UNUSED_VARIABLE = YES;
				MACOSX_DEPLOYMENT_TARGET = 10.10;
				MTL_ENABLE_DEBUG_INFO = NO;
				SDKROOT = macosx;
				SYMROOT = build;
			};
			name = Release;
		};
		7850FA181A5C6A2D0045D4EF /* Debug */ = {
			isa = XCBuildConfiguration;
			buildSettings = {
				ARCHS = "$(ARCHS_STANDARD_32_BIT)";
				INSTALL_PATH = "$(SRCROOT)/tester";
				PRODUCT_NAME = "$(TARGET_NAME)";
				SYMROOT = build;
			};
			name = Debug;
		};
		7850FA191A5C6A2D0045D4EF /* Release */ = {
			isa = XCBuildConfiguration;
			buildSettings = {
				ARCHS = "$(ARCHS_STANDARD_32_BIT)";
				INSTALL_PATH = "$(SRCROOT)/tester";
				PRODUCT_NAME = "$(TARGET_NAME)";
				SYMROOT = build;
			};
			name = Release;
		};
		78D03D601A69572800C39D90 /* Debug */ = {
			isa = XCBuildConfiguration;
			buildSettings = {
				ARCHS = "$(ARCHS_STANDARD_32_BIT)";
				INSTALL_PATH = "$(SRCROOT)/tester";
				PRODUCT_NAME = "activemoleculesC++ copy";
				SYMROOT = build;
			};
			name = Debug;
		};
		78D03D611A69572800C39D90 /* Release */ = {
			isa = XCBuildConfiguration;
			buildSettings = {
				ARCHS = "$(ARCHS_STANDARD_32_BIT)";
				INSTALL_PATH = "$(SRCROOT)/tester";
				PRODUCT_NAME = "activemoleculesC++ copy";
				SYMROOT = build;
			};
			name = Release;
		};
/* End XCBuildConfiguration section */

/* Begin XCConfigurationList section */
		7850FA0B1A5C6A2D0045D4EF /* Build configuration list for PBXProject "activemoleculesC++" */ = {
			isa = XCConfigurationList;
			buildConfigurations = (
				7850FA151A5C6A2D0045D4EF /* Debug */,
				7850FA161A5C6A2D0045D4EF /* Release */,
			);
			defaultConfigurationIsVisible = 0;
			defaultConfigurationName = Release;
		};
		7850FA171A5C6A2D0045D4EF /* Build configuration list for PBXNativeTarget "activemoleculesC++" */ = {
			isa = XCConfigurationList;
			buildConfigurations = (
				7850FA181A5C6A2D0045D4EF /* Debug */,
				7850FA191A5C6A2D0045D4EF /* Release */,
			);
			defaultConfigurationIsVisible = 0;
			defaultConfigurationName = Release;
		};
		78D03D5F1A69572800C39D90 /* Build configuration list for PBXNativeTarget "activemoleculesC runner" */ = {
			isa = XCConfigurationList;
			buildConfigurations = (
				78D03D601A69572800C39D90 /* Debug */,
				78D03D611A69572800C39D90 /* Release */,
			);
			defaultConfigurationIsVisible = 0;
			defaultConfigurationName = Release;
		};
/* End XCConfigurationList section */
	};
	rootObject = 7850FA081A5C6A2D0045D4EF /* Project object */;
}
